
Microsoft Visual Studio Solution File, Format Version 12.00
# Visual Studio Version 17
VisualStudioVersion = 17.7.34221.43
MinimumVisualStudioVersion = 10.0.40219.1
Project("{FAE04EC0-301F-11D3-BF4B-00C04F79EFBC}") = "task01", "task01\task01.csproj", "{F38DF95F-2B93-4ED8-8F8A-E80DDD4065C3}"
EndProject
Project("{FAE04EC0-301F-11D3-BF4B-00C04F79EFBC}") = "task02", "task02\task02.csproj", "{8EA7F878-0B0D-4E57-AF29-5BB4D4955E5F}"
EndProject
Project("{FAE04EC0-301F-11D3-BF4B-00C04F79EFBC}") = "task03", "task03\task03.csproj", "{34991A44-0080-4E3D-8873-68F64514C12B}"
EndProject
Project("{FAE04EC0-301F-11D3-BF4B-00C04F79EFBC}") = "task04", "task04\task04.csproj", "{23D01AA8-56A7-4292-BF69-C8225A06A20D}"
EndProject
Project("{FAE04EC0-301F-11D3-BF4B-00C04F79EFBC}") = "ConsoleApp1", "ConsoleApp1\ConsoleApp1.csproj", "{AD1AACB8-E53D-434E-AC85-31102670AC3F}"
EndProject
Project("{FAE04EC0-301F-11D3-BF4B-00C04F79EFBC}") = "task05", "task05\task05.csproj", "{C5E34A10-E4BD-46A3-BAE7-6CB03D53E992}"
EndProject
Project("{FAE04EC0-301F-11D3-BF4B-00C04F79EFBC}") = "task06", "task06\task06.csproj", "{7915234B-AE23-4227-B665-16CA3524BB78}"
EndProject
Global
	GlobalSection(SolutionConfigurationPlatforms) = preSolution
		Debug|Any CPU = Debug|Any CPU
		Release|Any CPU = Release|Any CPU
	EndGlobalSection
	GlobalSection(ProjectConfigurationPlatforms) = postSolution
		{F38DF95F-2B93-4ED8-8F8A-E80DDD4065C3}.Debug|Any CPU.ActiveCfg = Debug|Any CPU
		{F38DF95F-2B93-4ED8-8F8A-E80DDD4065C3}.Debug|Any CPU.Build.0 = Debug|Any CPU
		{F38DF95F-2B93-4ED8-8F8A-E80DDD4065C3}.Release|Any CPU.ActiveCfg = Release|Any CPU
		{F38DF95F-2B93-4ED8-8F8A-E80DDD4065C3}.Release|Any CPU.Build.0 = Release|Any CPU
		{8EA7F878-0B0D-4E57-AF29-5BB4D4955E5F}.Debug|Any CPU.ActiveCfg = Debug|Any CPU
		{8EA7F878-0B0D-4E57-AF29-5BB4D4955E5F}.Debug|Any CPU.Build.0 = Debug|Any CPU
		{8EA7F878-0B0D-4E57-AF29-5BB4D4955E5F}.Release|Any CPU.ActiveCfg = Release|Any CPU
		{8EA7F878-0B0D-4E57-AF29-5BB4D4955E5F}.Release|Any CPU.Build.0 = Release|Any CPU
		{34991A44-0080-4E3D-8873-68F64514C12B}.Debug|Any CPU.ActiveCfg = Debug|Any CPU
		{34991A44-0080-4E3D-8873-68F64514C12B}.Debug|Any CPU.Build.0 = Debug|Any CPU
		{34991A44-0080-4E3D-8873-68F64514C12B}.Release|Any CPU.ActiveCfg = Release|Any CPU
		{34991A44-0080-4E3D-8873-68F64514C12B}.Release|Any CPU.Build.0 = Release|Any CPU
		{23D01AA8-56A7-4292-BF69-C8225A06A20D}.Debug|Any CPU.ActiveCfg = Debug|Any CPU
		{23D01AA8-56A7-4292-BF69-C8225A06A20D}.Debug|Any CPU.Build.0 = Debug|Any CPU
		{23D01AA8-56A7-4292-BF69-C8225A06A20D}.Release|Any CPU.ActiveCfg = Release|Any CPU
		{23D01AA8-56A7-4292-BF69-C8225A06A20D}.Release|Any CPU.Build.0 = Release|Any CPU
		{AD1AACB8-E53D-434E-AC85-31102670AC3F}.Debug|Any CPU.ActiveCfg = Debug|Any CPU
		{AD1AACB8-E53D-434E-AC85-31102670AC3F}.Debug|Any CPU.Build.0 = Debug|Any CPU
		{AD1AACB8-E53D-434E-AC85-31102670AC3F}.Release|Any CPU.ActiveCfg = Release|Any CPU
		{AD1AACB8-E53D-434E-AC85-31102670AC3F}.Release|Any CPU.Build.0 = Release|Any CPU
		{C5E34A10-E4BD-46A3-BAE7-6CB03D53E992}.Debug|Any CPU.ActiveCfg = Debug|Any CPU
		{C5E34A10-E4BD-46A3-BAE7-6CB03D53E992}.Debug|Any CPU.Build.0 = Debug|Any CPU
		{C5E34A10-E4BD-46A3-BAE7-6CB03D53E992}.Release|Any CPU.ActiveCfg = Release|Any CPU
		{C5E34A10-E4BD-46A3-BAE7-6CB03D53E992}.Release|Any CPU.Build.0 = Release|Any CPU
		{7915234B-AE23-4227-B665-16CA3524BB78}.Debug|Any CPU.ActiveCfg = Debug|Any CPU
		{7915234B-AE23-4227-B665-16CA3524BB78}.Debug|Any CPU.Build.0 = Debug|Any CPU
		{7915234B-AE23-4227-B665-16CA3524BB78}.Release|Any CPU.ActiveCfg = Release|Any CPU
		{7915234B-AE23-4227-B665-16CA3524BB78}.Release|Any CPU.Build.0 = Release|Any CPU
	EndGlobalSection
	GlobalSection(SolutionProperties) = preSolution
		HideSolutionNode = FALSE
	EndGlobalSection
	GlobalSection(ExtensibilityGlobals) = postSolution
		SolutionGuid = {CEE798B0-8B7A-42C9-9B0F-3316A75AC5AD}
	EndGlobalSection
EndGlobal
