
Microsoft Visual Studio Solution File, Format Version 12.00
# Visual Studio Version 17
VisualStudioVersion = 17.7.34221.43
MinimumVisualStudioVersion = 10.0.40219.1
Project("{FAE04EC0-301F-11D3-BF4B-00C04F79EFBC}") = "task01", "task01\task01.csproj", "{66CD3A93-B1BC-4168-9AC1-A3D29534E1E7}"
EndProject
Project("{FAE04EC0-301F-11D3-BF4B-00C04F79EFBC}") = "task02", "task02\task02.csproj", "{C561A182-FE0C-45B7-BB1A-C8E56EDF5CE3}"
EndProject
Project("{FAE04EC0-301F-11D3-BF4B-00C04F79EFBC}") = "task03", "task03\task03.csproj", "{5C9D9CF6-E230-4E07-92D9-04D1B6A26725}"
EndProject
Project("{FAE04EC0-301F-11D3-BF4B-00C04F79EFBC}") = "task04", "task04\task04.csproj", "{178B9607-0893-4ADE-A2AF-5726D053EE8E}"
EndProject
Global
	GlobalSection(SolutionConfigurationPlatforms) = preSolution
		Debug|Any CPU = Debug|Any CPU
		Release|Any CPU = Release|Any CPU
	EndGlobalSection
	GlobalSection(ProjectConfigurationPlatforms) = postSolution
		{66CD3A93-B1BC-4168-9AC1-A3D29534E1E7}.Debug|Any CPU.ActiveCfg = Debug|Any CPU
		{66CD3A93-B1BC-4168-9AC1-A3D29534E1E7}.Debug|Any CPU.Build.0 = Debug|Any CPU
		{66CD3A93-B1BC-4168-9AC1-A3D29534E1E7}.Release|Any CPU.ActiveCfg = Release|Any CPU
		{66CD3A93-B1BC-4168-9AC1-A3D29534E1E7}.Release|Any CPU.Build.0 = Release|Any CPU
		{C561A182-FE0C-45B7-BB1A-C8E56EDF5CE3}.Debug|Any CPU.ActiveCfg = Debug|Any CPU
		{C561A182-FE0C-45B7-BB1A-C8E56EDF5CE3}.Debug|Any CPU.Build.0 = Debug|Any CPU
		{C561A182-FE0C-45B7-BB1A-C8E56EDF5CE3}.Release|Any CPU.ActiveCfg = Release|Any CPU
		{C561A182-FE0C-45B7-BB1A-C8E56EDF5CE3}.Release|Any CPU.Build.0 = Release|Any CPU
		{5C9D9CF6-E230-4E07-92D9-04D1B6A26725}.Debug|Any CPU.ActiveCfg = Debug|Any CPU
		{5C9D9CF6-E230-4E07-92D9-04D1B6A26725}.Debug|Any CPU.Build.0 = Debug|Any CPU
		{5C9D9CF6-E230-4E07-92D9-04D1B6A26725}.Release|Any CPU.ActiveCfg = Release|Any CPU
		{5C9D9CF6-E230-4E07-92D9-04D1B6A26725}.Release|Any CPU.Build.0 = Release|Any CPU
		{178B9607-0893-4ADE-A2AF-5726D053EE8E}.Debug|Any CPU.ActiveCfg = Debug|Any CPU
		{178B9607-0893-4ADE-A2AF-5726D053EE8E}.Debug|Any CPU.Build.0 = Debug|Any CPU
		{178B9607-0893-4ADE-A2AF-5726D053EE8E}.Release|Any CPU.ActiveCfg = Release|Any CPU
		{178B9607-0893-4ADE-A2AF-5726D053EE8E}.Release|Any CPU.Build.0 = Release|Any CPU
	EndGlobalSection
	GlobalSection(SolutionProperties) = preSolution
		HideSolutionNode = FALSE
	EndGlobalSection
	GlobalSection(ExtensibilityGlobals) = postSolution
		SolutionGuid = {493E4147-8073-4F9D-AA7E-FA77FB0B93D2}
	EndGlobalSection
EndGlobal
